
Microsoft Visual Studio Solution File, Format Version 9.00
# Visual Studio 2005
Project("{8BC9CEB8-8B4A-11D0-8D11-00A0C91BC942}") = "01PipeA", "01PipeA\01PipeA.vcproj", "{50F67945-6275-4748-814D-62663822293F}"
EndProject
Project("{8BC9CEB8-8B4A-11D0-8D11-00A0C91BC942}") = "01PipeB", "01PipeB\01PipeB.vcproj", "{DAE842AD-8C09-4E47-A80E-D9985FBF48D3}"
EndProject
Project("{8BC9CEB8-8B4A-11D0-8D11-00A0C91BC942}") = "02SharedMemoryA", "02SharedMemoryA\02SharedMemoryA.vcproj", "{9965382C-CC0C-45B1-B458-3077A08176E2}"
EndProject
Project("{8BC9CEB8-8B4A-11D0-8D11-00A0C91BC942}") = "02SharedMemoryB", "02SharedMemoryB\02SharedMemoryB.vcproj", "{EFAB2946-055C-499F-A3CF-91B1EDBE1F89}"
EndProject
Project("{8BC9CEB8-8B4A-11D0-8D11-00A0C91BC942}") = "04Message", "04Message\04Message.vcproj", "{330FCADC-8496-4652-A9FB-BF77DAA19B5C}"
EndProject
Project("{8BC9CEB8-8B4A-11D0-8D11-00A0C91BC942}") = "04SendMessage", "04SendMessage\26 CopyData.vcproj", "{F3DE1EEA-2400-4E73-8ABE-CEC66AD8BADF}"
EndProject
Project("{8BC9CEB8-8B4A-11D0-8D11-00A0C91BC942}") = "05SharedSection", "05SharedSection\17 AppInst.vcproj", "{842C66AB-ACE4-492A-9336-B6220EEE2D05}"
EndProject
Project("{8BC9CEB8-8B4A-11D0-8D11-00A0C91BC942}") = "06Event", "06Event\06Event.vcproj", "{AAC8FAC4-EFC3-487E-ACD9-35F6F0647B44}"
EndProject
Project("{8BC9CEB8-8B4A-11D0-8D11-00A0C91BC942}") = "07Mutex", "07Mutex\07Mutex.vcproj", "{68825E19-724A-4912-B676-3E274D02F536}"
EndProject
Project("{8BC9CEB8-8B4A-11D0-8D11-00A0C91BC942}") = "08Semaphore", "08Semaphore\08Semaphore.vcproj", "{A7ABC09C-49C6-47BD-A43E-4DF702500D46}"
EndProject
Project("{8BC9CEB8-8B4A-11D0-8D11-00A0C91BC942}") = "01NamedPipeClient", "01NamedPipeClient\01NamedPipeClient.vcproj", "{61440F37-8FE2-4910-A4C7-610CC0278F47}"
EndProject
Project("{8BC9CEB8-8B4A-11D0-8D11-00A0C91BC942}") = "03SocketServerIOCP", "ServerIOCP\ServerIOCP\ServerIOCP.vcproj", "{95A6781F-7311-4905-B4FE-3B76D3763227}"
EndProject
Project("{8BC9CEB8-8B4A-11D0-8D11-00A0C91BC942}") = "03SocketClientIOCP", "ClientIOCP\ClientIOCP\ClientIOCP.vcproj", "{46329EEA-D1E6-4FF2-AEC6-1BD104139D36}"
EndProject
Project("{8BC9CEB8-8B4A-11D0-8D11-00A0C91BC942}") = "01NamedPipeServer", "01NamedPipeServer\01NamedPipeServer.vcproj", "{7D00B239-9D0B-4307-8328-A0541B48D707}"
EndProject
Global
	GlobalSection(SolutionConfigurationPlatforms) = preSolution
		Alpha32 Debug|Win32 = Alpha32 Debug|Win32
		Alpha32 Release|Win32 = Alpha32 Release|Win32
		Debug|Win32 = Debug|Win32
		Release|Win32 = Release|Win32
	EndGlobalSection
	GlobalSection(ProjectConfigurationPlatforms) = postSolution
		{50F67945-6275-4748-814D-62663822293F}.Alpha32 Debug|Win32.ActiveCfg = Debug|Win32
		{50F67945-6275-4748-814D-62663822293F}.Alpha32 Debug|Win32.Build.0 = Debug|Win32
		{50F67945-6275-4748-814D-62663822293F}.Alpha32 Release|Win32.ActiveCfg = Release|Win32
		{50F67945-6275-4748-814D-62663822293F}.Alpha32 Release|Win32.Build.0 = Release|Win32
		{50F67945-6275-4748-814D-62663822293F}.Debug|Win32.ActiveCfg = Debug|Win32
		{50F67945-6275-4748-814D-62663822293F}.Debug|Win32.Build.0 = Debug|Win32
		{50F67945-6275-4748-814D-62663822293F}.Release|Win32.ActiveCfg = Release|Win32
		{50F67945-6275-4748-814D-62663822293F}.Release|Win32.Build.0 = Release|Win32
		{DAE842AD-8C09-4E47-A80E-D9985FBF48D3}.Alpha32 Debug|Win32.ActiveCfg = Debug|Win32
		{DAE842AD-8C09-4E47-A80E-D9985FBF48D3}.Alpha32 Debug|Win32.Build.0 = Debug|Win32
		{DAE842AD-8C09-4E47-A80E-D9985FBF48D3}.Alpha32 Release|Win32.ActiveCfg = Release|Win32
		{DAE842AD-8C09-4E47-A80E-D9985FBF48D3}.Alpha32 Release|Win32.Build.0 = Release|Win32
		{DAE842AD-8C09-4E47-A80E-D9985FBF48D3}.Debug|Win32.ActiveCfg = Debug|Win32
		{DAE842AD-8C09-4E47-A80E-D9985FBF48D3}.Debug|Win32.Build.0 = Debug|Win32
		{DAE842AD-8C09-4E47-A80E-D9985FBF48D3}.Release|Win32.ActiveCfg = Release|Win32
		{DAE842AD-8C09-4E47-A80E-D9985FBF48D3}.Release|Win32.Build.0 = Release|Win32
		{9965382C-CC0C-45B1-B458-3077A08176E2}.Alpha32 Debug|Win32.ActiveCfg = Debug|Win32
		{9965382C-CC0C-45B1-B458-3077A08176E2}.Alpha32 Debug|Win32.Build.0 = Debug|Win32
		{9965382C-CC0C-45B1-B458-3077A08176E2}.Alpha32 Release|Win32.ActiveCfg = Release|Win32
		{9965382C-CC0C-45B1-B458-3077A08176E2}.Alpha32 Release|Win32.Build.0 = Release|Win32
		{9965382C-CC0C-45B1-B458-3077A08176E2}.Debug|Win32.ActiveCfg = Debug|Win32
		{9965382C-CC0C-45B1-B458-3077A08176E2}.Debug|Win32.Build.0 = Debug|Win32
		{9965382C-CC0C-45B1-B458-3077A08176E2}.Release|Win32.ActiveCfg = Release|Win32
		{9965382C-CC0C-45B1-B458-3077A08176E2}.Release|Win32.Build.0 = Release|Win32
		{EFAB2946-055C-499F-A3CF-91B1EDBE1F89}.Alpha32 Debug|Win32.ActiveCfg = Debug|Win32
		{EFAB2946-055C-499F-A3CF-91B1EDBE1F89}.Alpha32 Debug|Win32.Build.0 = Debug|Win32
		{EFAB2946-055C-499F-A3CF-91B1EDBE1F89}.Alpha32 Release|Win32.ActiveCfg = Release|Win32
		{EFAB2946-055C-499F-A3CF-91B1EDBE1F89}.Alpha32 Release|Win32.Build.0 = Release|Win32
		{EFAB2946-055C-499F-A3CF-91B1EDBE1F89}.Debug|Win32.ActiveCfg = Debug|Win32
		{EFAB2946-055C-499F-A3CF-91B1EDBE1F89}.Debug|Win32.Build.0 = Debug|Win32
		{EFAB2946-055C-499F-A3CF-91B1EDBE1F89}.Release|Win32.ActiveCfg = Release|Win32
		{EFAB2946-055C-499F-A3CF-91B1EDBE1F89}.Release|Win32.Build.0 = Release|Win32
		{330FCADC-8496-4652-A9FB-BF77DAA19B5C}.Alpha32 Debug|Win32.ActiveCfg = Debug|Win32
		{330FCADC-8496-4652-A9FB-BF77DAA19B5C}.Alpha32 Debug|Win32.Build.0 = Debug|Win32
		{330FCADC-8496-4652-A9FB-BF77DAA19B5C}.Alpha32 Release|Win32.ActiveCfg = Release|Win32
		{330FCADC-8496-4652-A9FB-BF77DAA19B5C}.Alpha32 Release|Win32.Build.0 = Release|Win32
		{330FCADC-8496-4652-A9FB-BF77DAA19B5C}.Debug|Win32.ActiveCfg = Debug|Win32
		{330FCADC-8496-4652-A9FB-BF77DAA19B5C}.Debug|Win32.Build.0 = Debug|Win32
		{330FCADC-8496-4652-A9FB-BF77DAA19B5C}.Release|Win32.ActiveCfg = Release|Win32
		{330FCADC-8496-4652-A9FB-BF77DAA19B5C}.Release|Win32.Build.0 = Release|Win32
		{F3DE1EEA-2400-4E73-8ABE-CEC66AD8BADF}.Alpha32 Debug|Win32.ActiveCfg = Alpha32 Debug|Win32
		{F3DE1EEA-2400-4E73-8ABE-CEC66AD8BADF}.Alpha32 Debug|Win32.Build.0 = Alpha32 Debug|Win32
		{F3DE1EEA-2400-4E73-8ABE-CEC66AD8BADF}.Alpha32 Release|Win32.ActiveCfg = Alpha32 Release|Win32
		{F3DE1EEA-2400-4E73-8ABE-CEC66AD8BADF}.Alpha32 Release|Win32.Build.0 = Alpha32 Release|Win32
		{F3DE1EEA-2400-4E73-8ABE-CEC66AD8BADF}.Debug|Win32.ActiveCfg = Debug|Win32
		{F3DE1EEA-2400-4E73-8ABE-CEC66AD8BADF}.Debug|Win32.Build.0 = Debug|Win32
		{F3DE1EEA-2400-4E73-8ABE-CEC66AD8BADF}.Release|Win32.ActiveCfg = Release|Win32
		{F3DE1EEA-2400-4E73-8ABE-CEC66AD8BADF}.Release|Win32.Build.0 = Release|Win32
		{842C66AB-ACE4-492A-9336-B6220EEE2D05}.Alpha32 Debug|Win32.ActiveCfg = Alpha32 Debug|Win32
		{842C66AB-ACE4-492A-9336-B6220EEE2D05}.Alpha32 Debug|Win32.Build.0 = Alpha32 Debug|Win32
		{842C66AB-ACE4-492A-9336-B6220EEE2D05}.Alpha32 Release|Win32.ActiveCfg = Alpha32 Release|Win32
		{842C66AB-ACE4-492A-9336-B6220EEE2D05}.Alpha32 Release|Win32.Build.0 = Alpha32 Release|Win32
		{842C66AB-ACE4-492A-9336-B6220EEE2D05}.Debug|Win32.ActiveCfg = Debug|Win32
		{842C66AB-ACE4-492A-9336-B6220EEE2D05}.Debug|Win32.Build.0 = Debug|Win32
		{842C66AB-ACE4-492A-9336-B6220EEE2D05}.Release|Win32.ActiveCfg = Release|Win32
		{842C66AB-ACE4-492A-9336-B6220EEE2D05}.Release|Win32.Build.0 = Release|Win32
		{AAC8FAC4-EFC3-487E-ACD9-35F6F0647B44}.Alpha32 Debug|Win32.ActiveCfg = Debug|Win32
		{AAC8FAC4-EFC3-487E-ACD9-35F6F0647B44}.Alpha32 Debug|Win32.Build.0 = Debug|Win32
		{AAC8FAC4-EFC3-487E-ACD9-35F6F0647B44}.Alpha32 Release|Win32.ActiveCfg = Release|Win32
		{AAC8FAC4-EFC3-487E-ACD9-35F6F0647B44}.Alpha32 Release|Win32.Build.0 = Release|Win32
		{AAC8FAC4-EFC3-487E-ACD9-35F6F0647B44}.Debug|Win32.ActiveCfg = Debug|Win32
		{AAC8FAC4-EFC3-487E-ACD9-35F6F0647B44}.Debug|Win32.Build.0 = Debug|Win32
		{AAC8FAC4-EFC3-487E-ACD9-35F6F0647B44}.Release|Win32.ActiveCfg = Release|Win32
		{AAC8FAC4-EFC3-487E-ACD9-35F6F0647B44}.Release|Win32.Build.0 = Release|Win32
		{68825E19-724A-4912-B676-3E274D02F536}.Alpha32 Debug|Win32.ActiveCfg = Debug|Win32
		{68825E19-724A-4912-B676-3E274D02F536}.Alpha32 Debug|Win32.Build.0 = Debug|Win32
		{68825E19-724A-4912-B676-3E274D02F536}.Alpha32 Release|Win32.ActiveCfg = Release|Win32
		{68825E19-724A-4912-B676-3E274D02F536}.Alpha32 Release|Win32.Build.0 = Release|Win32
		{68825E19-724A-4912-B676-3E274D02F536}.Debug|Win32.ActiveCfg = Debug|Win32
		{68825E19-724A-4912-B676-3E274D02F536}.Debug|Win32.Build.0 = Debug|Win32
		{68825E19-724A-4912-B676-3E274D02F536}.Release|Win32.ActiveCfg = Release|Win32
		{68825E19-724A-4912-B676-3E274D02F536}.Release|Win32.Build.0 = Release|Win32
		{A7ABC09C-49C6-47BD-A43E-4DF702500D46}.Alpha32 Debug|Win32.ActiveCfg = Debug|Win32
		{A7ABC09C-49C6-47BD-A43E-4DF702500D46}.Alpha32 Debug|Win32.Build.0 = Debug|Win32
		{A7ABC09C-49C6-47BD-A43E-4DF702500D46}.Alpha32 Release|Win32.ActiveCfg = Release|Win32
		{A7ABC09C-49C6-47BD-A43E-4DF702500D46}.Alpha32 Release|Win32.Build.0 = Release|Win32
		{A7ABC09C-49C6-47BD-A43E-4DF702500D46}.Debug|Win32.ActiveCfg = Debug|Win32
		{A7ABC09C-49C6-47BD-A43E-4DF702500D46}.Debug|Win32.Build.0 = Debug|Win32
		{A7ABC09C-49C6-47BD-A43E-4DF702500D46}.Release|Win32.ActiveCfg = Release|Win32
		{A7ABC09C-49C6-47BD-A43E-4DF702500D46}.Release|Win32.Build.0 = Release|Win32
		{61440F37-8FE2-4910-A4C7-610CC0278F47}.Alpha32 Debug|Win32.ActiveCfg = Debug|Win32
		{61440F37-8FE2-4910-A4C7-610CC0278F47}.Alpha32 Debug|Win32.Build.0 = Debug|Win32
		{61440F37-8FE2-4910-A4C7-610CC0278F47}.Alpha32 Release|Win32.ActiveCfg = Release|Win32
		{61440F37-8FE2-4910-A4C7-610CC0278F47}.Alpha32 Release|Win32.Build.0 = Release|Win32
		{61440F37-8FE2-4910-A4C7-610CC0278F47}.Debug|Win32.ActiveCfg = Debug|Win32
		{61440F37-8FE2-4910-A4C7-610CC0278F47}.Debug|Win32.Build.0 = Debug|Win32
		{61440F37-8FE2-4910-A4C7-610CC0278F47}.Release|Win32.ActiveCfg = Release|Win32
		{61440F37-8FE2-4910-A4C7-610CC0278F47}.Release|Win32.Build.0 = Release|Win32
		{95A6781F-7311-4905-B4FE-3B76D3763227}.Alpha32 Debug|Win32.ActiveCfg = Debug|Win32
		{95A6781F-7311-4905-B4FE-3B76D3763227}.Alpha32 Debug|Win32.Build.0 = Debug|Win32
		{95A6781F-7311-4905-B4FE-3B76D3763227}.Alpha32 Release|Win32.ActiveCfg = Release|Win32
		{95A6781F-7311-4905-B4FE-3B76D3763227}.Alpha32 Release|Win32.Build.0 = Release|Win32
		{95A6781F-7311-4905-B4FE-3B76D3763227}.Debug|Win32.ActiveCfg = Debug|Win32
		{95A6781F-7311-4905-B4FE-3B76D3763227}.Debug|Win32.Build.0 = Debug|Win32
		{95A6781F-7311-4905-B4FE-3B76D3763227}.Release|Win32.ActiveCfg = Release|Win32
		{95A6781F-7311-4905-B4FE-3B76D3763227}.Release|Win32.Build.0 = Release|Win32
		{46329EEA-D1E6-4FF2-AEC6-1BD104139D36}.Alpha32 Debug|Win32.ActiveCfg = Debug|Win32
		{46329EEA-D1E6-4FF2-AEC6-1BD104139D36}.Alpha32 Debug|Win32.Build.0 = Debug|Win32
		{46329EEA-D1E6-4FF2-AEC6-1BD104139D36}.Alpha32 Release|Win32.ActiveCfg = Release|Win32
		{46329EEA-D1E6-4FF2-AEC6-1BD104139D36}.Alpha32 Release|Win32.Build.0 = Release|Win32
		{46329EEA-D1E6-4FF2-AEC6-1BD104139D36}.Debug|Win32.ActiveCfg = Debug|Win32
		{46329EEA-D1E6-4FF2-AEC6-1BD104139D36}.Debug|Win32.Build.0 = Debug|Win32
		{46329EEA-D1E6-4FF2-AEC6-1BD104139D36}.Release|Win32.ActiveCfg = Release|Win32
		{46329EEA-D1E6-4FF2-AEC6-1BD104139D36}.Release|Win32.Build.0 = Release|Win32
		{7D00B239-9D0B-4307-8328-A0541B48D707}.Alpha32 Debug|Win32.ActiveCfg = Debug|Win32
		{7D00B239-9D0B-4307-8328-A0541B48D707}.Alpha32 Debug|Win32.Build.0 = Debug|Win32
		{7D00B239-9D0B-4307-8328-A0541B48D707}.Alpha32 Release|Win32.ActiveCfg = Release|Win32
		{7D00B239-9D0B-4307-8328-A0541B48D707}.Alpha32 Release|Win32.Build.0 = Release|Win32
		{7D00B239-9D0B-4307-8328-A0541B48D707}.Debug|Win32.ActiveCfg = Debug|Win32
		{7D00B239-9D0B-4307-8328-A0541B48D707}.Debug|Win32.Build.0 = Debug|Win32
		{7D00B239-9D0B-4307-8328-A0541B48D707}.Release|Win32.ActiveCfg = Release|Win32
		{7D00B239-9D0B-4307-8328-A0541B48D707}.Release|Win32.Build.0 = Release|Win32
	EndGlobalSection
	GlobalSection(SolutionProperties) = preSolution
		HideSolutionNode = FALSE
	EndGlobalSection
EndGlobal
